
Microsoft Visual Studio Solution File, Format Version 12.00
# Visual Studio Version 16
VisualStudioVersion = 16.0.30011.22
MinimumVisualStudioVersion = 10.0.40219.1
Project("{8BC9CEB8-8B4A-11D0-8D11-00A0C91BC942}") = "Chip8", "Chip8\Chip8.vcxproj", "{0A057585-25BA-4566-9D80-1D4E2F3C7036}"
EndProject
Global
	GlobalSection(SolutionConfigurationPlatforms) = preSolution
		Debug|x64 = Debug|x64
		Debug|x86 = Debug|x86
		Release|x64 = Release|x64
		Release|x86 = Release|x86
	EndGlobalSection
	GlobalSection(ProjectConfigurationPlatforms) = postSolution
		{0A057585-25BA-4566-9D80-1D4E2F3C7036}.Debug|x64.ActiveCfg = Debug|x64
		{0A057585-25BA-4566-9D80-1D4E2F3C7036}.Debug|x64.Build.0 = Debug|x64
		{0A057585-25BA-4566-9D80-1D4E2F3C7036}.Debug|x86.ActiveCfg = Debug|Win32
		{0A057585-25BA-4566-9D80-1D4E2F3C7036}.Debug|x86.Build.0 = Debug|Win32
		{0A057585-25BA-4566-9D80-1D4E2F3C7036}.Release|x64.ActiveCfg = Release|x64
		{0A057585-25BA-4566-9D80-1D4E2F3C7036}.Release|x64.Build.0 = Release|x64
		{0A057585-25BA-4566-9D80-1D4E2F3C7036}.Release|x86.ActiveCfg = Release|Win32
		{0A057585-25BA-4566-9D80-1D4E2F3C7036}.Release|x86.Build.0 = Release|Win32
	EndGlobalSection
	GlobalSection(SolutionProperties) = preSolution
		HideSolutionNode = FALSE
	EndGlobalSection
	GlobalSection(ExtensibilityGlobals) = postSolution
		SolutionGuid = {EF6809ED-AFB7-45EE-A69F-4E9D8B4D068B}
	EndGlobalSection
EndGlobal
